
Microsoft Visual Studio Solution File, Format Version 12.00
# Visual Studio Version 16
VisualStudioVersion = 16.0.28531.58
MinimumVisualStudioVersion = 10.0.40219.1
Project("{9A19103F-16F7-4668-BE54-9A1E7A4F7556}") = "GWManagementFunctions", "GWManagementFunctions\GWManagementFunctions.csproj", "{B1D379B9-A081-40AF-AA39-C6963C10FAF7}"
EndProject
Project("{9A19103F-16F7-4668-BE54-9A1E7A4F7556}") = "SimulatedIQRFGW", "SimulatedIQRFGW\SimulatedIQRFGW.csproj", "{9E05C6F5-F26B-4832-BE55-FBBB44638BD1}"
EndProject
Global
	GlobalSection(SolutionConfigurationPlatforms) = preSolution
		Debug|Any CPU = Debug|Any CPU
		Release|Any CPU = Release|Any CPU
	EndGlobalSection
	GlobalSection(ProjectConfigurationPlatforms) = postSolution
		{B1D379B9-A081-40AF-AA39-C6963C10FAF7}.Debug|Any CPU.ActiveCfg = Debug|Any CPU
		{B1D379B9-A081-40AF-AA39-C6963C10FAF7}.Debug|Any CPU.Build.0 = Debug|Any CPU
		{B1D379B9-A081-40AF-AA39-C6963C10FAF7}.Release|Any CPU.ActiveCfg = Release|Any CPU
		{B1D379B9-A081-40AF-AA39-C6963C10FAF7}.Release|Any CPU.Build.0 = Release|Any CPU
		{9E05C6F5-F26B-4832-BE55-FBBB44638BD1}.Debug|Any CPU.ActiveCfg = Debug|Any CPU
		{9E05C6F5-F26B-4832-BE55-FBBB44638BD1}.Debug|Any CPU.Build.0 = Debug|Any CPU
		{9E05C6F5-F26B-4832-BE55-FBBB44638BD1}.Release|Any CPU.ActiveCfg = Release|Any CPU
		{9E05C6F5-F26B-4832-BE55-FBBB44638BD1}.Release|Any CPU.Build.0 = Release|Any CPU
	EndGlobalSection
	GlobalSection(SolutionProperties) = preSolution
		HideSolutionNode = FALSE
	EndGlobalSection
	GlobalSection(ExtensibilityGlobals) = postSolution
		SolutionGuid = {E26A7C30-CFB0-4CC8-8346-8C1D2D02F075}
	EndGlobalSection
EndGlobal
